
Microsoft Visual Studio Solution File, Format Version 12.00
# Visual Studio Version 16
VisualStudioVersion = 16.6.30114.105
MinimumVisualStudioVersion = 10.0.40219.1
Project("{9A19103F-16F7-4668-BE54-9A1E7A4F7556}") = "R5T.T0041.Construction", "R5T.T0041.Construction\R5T.T0041.Construction.csproj", "{3908E42D-5472-45BE-B341-5D958A63D00C}"
EndProject
Project("{9A19103F-16F7-4668-BE54-9A1E7A4F7556}") = "R5T.T0041", "R5T.T0041\R5T.T0041.csproj", "{1A79EA13-CAD7-469B-B1F9-9A3932BFC6BE}"
EndProject
Project("{2150E333-8FDC-42A3-9474-1A3956D46DE8}") = "_Dependencies", "_Dependencies", "{FB9165AD-8A11-4EE0-BF09-136CEC47363C}"
EndProject
Project("{9A19103F-16F7-4668-BE54-9A1E7A4F7556}") = "R5T.T0039.T002", "..\..\R5T.T0039\source\R5T.T0039.T002\R5T.T0039.T002.csproj", "{5212ABE3-6107-45AE-86FF-58393B4D11A9}"
EndProject
Project("{9A19103F-16F7-4668-BE54-9A1E7A4F7556}") = "R5T.T0041.X002", "R5T.T0041.X002\R5T.T0041.X002.csproj", "{7F0BFA09-2F08-4A32-B99D-1635275EBB02}"
EndProject
Project("{9A19103F-16F7-4668-BE54-9A1E7A4F7556}") = "R5T.T0041.X001", "R5T.T0041.X001\R5T.T0041.X001.csproj", "{F2982573-B757-4C88-A4DB-D8FE4289F51F}"
EndProject
Project("{9A19103F-16F7-4668-BE54-9A1E7A4F7556}") = "R5T.T0042.X001", "..\..\R5T.T0042\source\R5T.T0042.X001\R5T.T0042.X001.csproj", "{C897C4D2-1E8A-44A2-941C-8A12EC226258}"
EndProject
Project("{9A19103F-16F7-4668-BE54-9A1E7A4F7556}") = "R5T.Magyar", "..\..\R5T.Magyar\source\R5T.Magyar\R5T.Magyar.csproj", "{C952781A-0B9F-4385-8FAB-225593F8CA6E}"
EndProject
Project("{9A19103F-16F7-4668-BE54-9A1E7A4F7556}") = "R5T.T0042", "..\..\R5T.T0042\source\R5T.T0042\R5T.T0042.csproj", "{C775DA68-BC6F-4BAC-B2AD-69D9F19A382A}"
EndProject
Project("{9A19103F-16F7-4668-BE54-9A1E7A4F7556}") = "R5T.Magyar.T002.X000", "..\..\R5T.Magyar\source\R5T.Magyar.T002.X000\R5T.Magyar.T002.X000.csproj", "{924D4FD6-1278-4AC8-9DDE-FA9E81178B00}"
EndProject
Project("{9A19103F-16F7-4668-BE54-9A1E7A4F7556}") = "R5T.T0021.X003", "..\..\R5T.T0021\source\R5T.T0021.X003\R5T.T0021.X003.csproj", "{C23CE203-C5FF-4790-A80A-67E982997E47}"
EndProject
Project("{9A19103F-16F7-4668-BE54-9A1E7A4F7556}") = "R5T.Magyar.T002", "..\..\R5T.Magyar\source\R5T.Magyar.T002\R5T.Magyar.T002.csproj", "{1B619571-CDA4-4A55-BCC2-37A47C9BEA07}"
EndProject
Project("{9A19103F-16F7-4668-BE54-9A1E7A4F7556}") = "R5T.T0021", "..\..\R5T.T0021\source\R5T.T0021\R5T.T0021.csproj", "{173F097B-C058-4C73-91FC-A650E0A61419}"
EndProject
Global
	GlobalSection(SolutionConfigurationPlatforms) = preSolution
		Debug|Any CPU = Debug|Any CPU
		Debug|x64 = Debug|x64
		Debug|x86 = Debug|x86
		Release|Any CPU = Release|Any CPU
		Release|x64 = Release|x64
		Release|x86 = Release|x86
	EndGlobalSection
	GlobalSection(ProjectConfigurationPlatforms) = postSolution
		{3908E42D-5472-45BE-B341-5D958A63D00C}.Debug|Any CPU.ActiveCfg = Debug|Any CPU
		{3908E42D-5472-45BE-B341-5D958A63D00C}.Debug|Any CPU.Build.0 = Debug|Any CPU
		{3908E42D-5472-45BE-B341-5D958A63D00C}.Debug|x64.ActiveCfg = Debug|Any CPU
		{3908E42D-5472-45BE-B341-5D958A63D00C}.Debug|x64.Build.0 = Debug|Any CPU
		{3908E42D-5472-45BE-B341-5D958A63D00C}.Debug|x86.ActiveCfg = Debug|Any CPU
		{3908E42D-5472-45BE-B341-5D958A63D00C}.Debug|x86.Build.0 = Debug|Any CPU
		{3908E42D-5472-45BE-B341-5D958A63D00C}.Release|Any CPU.ActiveCfg = Release|Any CPU
		{3908E42D-5472-45BE-B341-5D958A63D00C}.Release|Any CPU.Build.0 = Release|Any CPU
		{3908E42D-5472-45BE-B341-5D958A63D00C}.Release|x64.ActiveCfg = Release|Any CPU
		{3908E42D-5472-45BE-B341-5D958A63D00C}.Release|x64.Build.0 = Release|Any CPU
		{3908E42D-5472-45BE-B341-5D958A63D00C}.Release|x86.ActiveCfg = Release|Any CPU
		{3908E42D-5472-45BE-B341-5D958A63D00C}.Release|x86.Build.0 = Release|Any CPU
		{1A79EA13-CAD7-469B-B1F9-9A3932BFC6BE}.Debug|Any CPU.ActiveCfg = Debug|Any CPU
		{1A79EA13-CAD7-469B-B1F9-9A3932BFC6BE}.Debug|Any CPU.Build.0 = Debug|Any CPU
		{1A79EA13-CAD7-469B-B1F9-9A3932BFC6BE}.Debug|x64.ActiveCfg = Debug|Any CPU
		{1A79EA13-CAD7-469B-B1F9-9A3932BFC6BE}.Debug|x64.Build.0 = Debug|Any CPU
		{1A79EA13-CAD7-469B-B1F9-9A3932BFC6BE}.Debug|x86.ActiveCfg = Debug|Any CPU
		{1A79EA13-CAD7-469B-B1F9-9A3932BFC6BE}.Debug|x86.Build.0 = Debug|Any CPU
		{1A79EA13-CAD7-469B-B1F9-9A3932BFC6BE}.Release|Any CPU.ActiveCfg = Release|Any CPU
		{1A79EA13-CAD7-469B-B1F9-9A3932BFC6BE}.Release|Any CPU.Build.0 = Release|Any CPU
		{1A79EA13-CAD7-469B-B1F9-9A3932BFC6BE}.Release|x64.ActiveCfg = Release|Any CPU
		{1A79EA13-CAD7-469B-B1F9-9A3932BFC6BE}.Release|x64.Build.0 = Release|Any CPU
		{1A79EA13-CAD7-469B-B1F9-9A3932BFC6BE}.Release|x86.ActiveCfg = Release|Any CPU
		{1A79EA13-CAD7-469B-B1F9-9A3932BFC6BE}.Release|x86.Build.0 = Release|Any CPU
		{5212ABE3-6107-45AE-86FF-58393B4D11A9}.Debug|Any CPU.ActiveCfg = Debug|Any CPU
		{5212ABE3-6107-45AE-86FF-58393B4D11A9}.Debug|Any CPU.Build.0 = Debug|Any CPU
		{5212ABE3-6107-45AE-86FF-58393B4D11A9}.Debug|x64.ActiveCfg = Debug|Any CPU
		{5212ABE3-6107-45AE-86FF-58393B4D11A9}.Debug|x64.Build.0 = Debug|Any CPU
		{5212ABE3-6107-45AE-86FF-58393B4D11A9}.Debug|x86.ActiveCfg = Debug|Any CPU
		{5212ABE3-6107-45AE-86FF-58393B4D11A9}.Debug|x86.Build.0 = Debug|Any CPU
		{5212ABE3-6107-45AE-86FF-58393B4D11A9}.Release|Any CPU.ActiveCfg = Release|Any CPU
		{5212ABE3-6107-45AE-86FF-58393B4D11A9}.Release|Any CPU.Build.0 = Release|Any CPU
		{5212ABE3-6107-45AE-86FF-58393B4D11A9}.Release|x64.ActiveCfg = Release|Any CPU
		{5212ABE3-6107-45AE-86FF-58393B4D11A9}.Release|x64.Build.0 = Release|Any CPU
		{5212ABE3-6107-45AE-86FF-58393B4D11A9}.Release|x86.ActiveCfg = Release|Any CPU
		{5212ABE3-6107-45AE-86FF-58393B4D11A9}.Release|x86.Build.0 = Release|Any CPU
		{7F0BFA09-2F08-4A32-B99D-1635275EBB02}.Debug|Any CPU.ActiveCfg = Debug|Any CPU
		{7F0BFA09-2F08-4A32-B99D-1635275EBB02}.Debug|Any CPU.Build.0 = Debug|Any CPU
		{7F0BFA09-2F08-4A32-B99D-1635275EBB02}.Debug|x64.ActiveCfg = Debug|Any CPU
		{7F0BFA09-2F08-4A32-B99D-1635275EBB02}.Debug|x64.Build.0 = Debug|Any CPU
		{7F0BFA09-2F08-4A32-B99D-1635275EBB02}.Debug|x86.ActiveCfg = Debug|Any CPU
		{7F0BFA09-2F08-4A32-B99D-1635275EBB02}.Debug|x86.Build.0 = Debug|Any CPU
		{7F0BFA09-2F08-4A32-B99D-1635275EBB02}.Release|Any CPU.ActiveCfg = Release|Any CPU
		{7F0BFA09-2F08-4A32-B99D-1635275EBB02}.Release|Any CPU.Build.0 = Release|Any CPU
		{7F0BFA09-2F08-4A32-B99D-1635275EBB02}.Release|x64.ActiveCfg = Release|Any CPU
		{7F0BFA09-2F08-4A32-B99D-1635275EBB02}.Release|x64.Build.0 = Release|Any CPU
		{7F0BFA09-2F08-4A32-B99D-1635275EBB02}.Release|x86.ActiveCfg = Release|Any CPU
		{7F0BFA09-2F08-4A32-B99D-1635275EBB02}.Release|x86.Build.0 = Release|Any CPU
		{F2982573-B757-4C88-A4DB-D8FE4289F51F}.Debug|Any CPU.ActiveCfg = Debug|Any CPU
		{F2982573-B757-4C88-A4DB-D8FE4289F51F}.Debug|Any CPU.Build.0 = Debug|Any CPU
		{F2982573-B757-4C88-A4DB-D8FE4289F51F}.Debug|x64.ActiveCfg = Debug|Any CPU
		{F2982573-B757-4C88-A4DB-D8FE4289F51F}.Debug|x64.Build.0 = Debug|Any CPU
		{F2982573-B757-4C88-A4DB-D8FE4289F51F}.Debug|x86.ActiveCfg = Debug|Any CPU
		{F2982573-B757-4C88-A4DB-D8FE4289F51F}.Debug|x86.Build.0 = Debug|Any CPU
		{F2982573-B757-4C88-A4DB-D8FE4289F51F}.Release|Any CPU.ActiveCfg = Release|Any CPU
		{F2982573-B757-4C88-A4DB-D8FE4289F51F}.Release|Any CPU.Build.0 = Release|Any CPU
		{F2982573-B757-4C88-A4DB-D8FE4289F51F}.Release|x64.ActiveCfg = Release|Any CPU
		{F2982573-B757-4C88-A4DB-D8FE4289F51F}.Release|x64.Build.0 = Release|Any CPU
		{F2982573-B757-4C88-A4DB-D8FE4289F51F}.Release|x86.ActiveCfg = Release|Any CPU
		{F2982573-B757-4C88-A4DB-D8FE4289F51F}.Release|x86.Build.0 = Release|Any CPU
		{C897C4D2-1E8A-44A2-941C-8A12EC226258}.Debug|Any CPU.ActiveCfg = Debug|Any CPU
		{C897C4D2-1E8A-44A2-941C-8A12EC226258}.Debug|Any CPU.Build.0 = Debug|Any CPU
		{C897C4D2-1E8A-44A2-941C-8A12EC226258}.Debug|x64.ActiveCfg = Debug|Any CPU
		{C897C4D2-1E8A-44A2-941C-8A12EC226258}.Debug|x64.Build.0 = Debug|Any CPU
		{C897C4D2-1E8A-44A2-941C-8A12EC226258}.Debug|x86.ActiveCfg = Debug|Any CPU
		{C897C4D2-1E8A-44A2-941C-8A12EC226258}.Debug|x86.Build.0 = Debug|Any CPU
		{C897C4D2-1E8A-44A2-941C-8A12EC226258}.Release|Any CPU.ActiveCfg = Release|Any CPU
		{C897C4D2-1E8A-44A2-941C-8A12EC226258}.Release|Any CPU.Build.0 = Release|Any CPU
		{C897C4D2-1E8A-44A2-941C-8A12EC226258}.Release|x64.ActiveCfg = Release|Any CPU
		{C897C4D2-1E8A-44A2-941C-8A12EC226258}.Release|x64.Build.0 = Release|Any CPU
		{C897C4D2-1E8A-44A2-941C-8A12EC226258}.Release|x86.ActiveCfg = Release|Any CPU
		{C897C4D2-1E8A-44A2-941C-8A12EC226258}.Release|x86.Build.0 = Release|Any CPU
		{C952781A-0B9F-4385-8FAB-225593F8CA6E}.Debug|Any CPU.ActiveCfg = Debug|Any CPU
		{C952781A-0B9F-4385-8FAB-225593F8CA6E}.Debug|Any CPU.Build.0 = Debug|Any CPU
		{C952781A-0B9F-4385-8FAB-225593F8CA6E}.Debug|x64.ActiveCfg = Debug|Any CPU
		{C952781A-0B9F-4385-8FAB-225593F8CA6E}.Debug|x64.Build.0 = Debug|Any CPU
		{C952781A-0B9F-4385-8FAB-225593F8CA6E}.Debug|x86.ActiveCfg = Debug|Any CPU
		{C952781A-0B9F-4385-8FAB-225593F8CA6E}.Debug|x86.Build.0 = Debug|Any CPU
		{C952781A-0B9F-4385-8FAB-225593F8CA6E}.Release|Any CPU.ActiveCfg = Release|Any CPU
		{C952781A-0B9F-4385-8FAB-225593F8CA6E}.Release|Any CPU.Build.0 = Release|Any CPU
		{C952781A-0B9F-4385-8FAB-225593F8CA6E}.Release|x64.ActiveCfg = Release|Any CPU
		{C952781A-0B9F-4385-8FAB-225593F8CA6E}.Release|x64.Build.0 = Release|Any CPU
		{C952781A-0B9F-4385-8FAB-225593F8CA6E}.Release|x86.ActiveCfg = Release|Any CPU
		{C952781A-0B9F-4385-8FAB-225593F8CA6E}.Release|x86.Build.0 = Release|Any CPU
		{C775DA68-BC6F-4BAC-B2AD-69D9F19A382A}.Debug|Any CPU.ActiveCfg = Debug|Any CPU
		{C775DA68-BC6F-4BAC-B2AD-69D9F19A382A}.Debug|Any CPU.Build.0 = Debug|Any CPU
		{C775DA68-BC6F-4BAC-B2AD-69D9F19A382A}.Debug|x64.ActiveCfg = Debug|Any CPU
		{C775DA68-BC6F-4BAC-B2AD-69D9F19A382A}.Debug|x64.Build.0 = Debug|Any CPU
		{C775DA68-BC6F-4BAC-B2AD-69D9F19A382A}.Debug|x86.ActiveCfg = Debug|Any CPU
		{C775DA68-BC6F-4BAC-B2AD-69D9F19A382A}.Debug|x86.Build.0 = Debug|Any CPU
		{C775DA68-BC6F-4BAC-B2AD-69D9F19A382A}.Release|Any CPU.ActiveCfg = Release|Any CPU
		{C775DA68-BC6F-4BAC-B2AD-69D9F19A382A}.Release|Any CPU.Build.0 = Release|Any CPU
		{C775DA68-BC6F-4BAC-B2AD-69D9F19A382A}.Release|x64.ActiveCfg = Release|Any CPU
		{C775DA68-BC6F-4BAC-B2AD-69D9F19A382A}.Release|x64.Build.0 = Release|Any CPU
		{C775DA68-BC6F-4BAC-B2AD-69D9F19A382A}.Release|x86.ActiveCfg = Release|Any CPU
		{C775DA68-BC6F-4BAC-B2AD-69D9F19A382A}.Release|x86.Build.0 = Release|Any CPU
		{924D4FD6-1278-4AC8-9DDE-FA9E81178B00}.Debug|Any CPU.ActiveCfg = Debug|Any CPU
		{924D4FD6-1278-4AC8-9DDE-FA9E81178B00}.Debug|Any CPU.Build.0 = Debug|Any CPU
		{924D4FD6-1278-4AC8-9DDE-FA9E81178B00}.Debug|x64.ActiveCfg = Debug|Any CPU
		{924D4FD6-1278-4AC8-9DDE-FA9E81178B00}.Debug|x64.Build.0 = Debug|Any CPU
		{924D4FD6-1278-4AC8-9DDE-FA9E81178B00}.Debug|x86.ActiveCfg = Debug|Any CPU
		{924D4FD6-1278-4AC8-9DDE-FA9E81178B00}.Debug|x86.Build.0 = Debug|Any CPU
		{924D4FD6-1278-4AC8-9DDE-FA9E81178B00}.Release|Any CPU.ActiveCfg = Release|Any CPU
		{924D4FD6-1278-4AC8-9DDE-FA9E81178B00}.Release|Any CPU.Build.0 = Release|Any CPU
		{924D4FD6-1278-4AC8-9DDE-FA9E81178B00}.Release|x64.ActiveCfg = Release|Any CPU
		{924D4FD6-1278-4AC8-9DDE-FA9E81178B00}.Release|x64.Build.0 = Release|Any CPU
		{924D4FD6-1278-4AC8-9DDE-FA9E81178B00}.Release|x86.ActiveCfg = Release|Any CPU
		{924D4FD6-1278-4AC8-9DDE-FA9E81178B00}.Release|x86.Build.0 = Release|Any CPU
		{C23CE203-C5FF-4790-A80A-67E982997E47}.Debug|Any CPU.ActiveCfg = Debug|Any CPU
		{C23CE203-C5FF-4790-A80A-67E982997E47}.Debug|Any CPU.Build.0 = Debug|Any CPU
		{C23CE203-C5FF-4790-A80A-67E982997E47}.Debug|x64.ActiveCfg = Debug|Any CPU
		{C23CE203-C5FF-4790-A80A-67E982997E47}.Debug|x64.Build.0 = Debug|Any CPU
		{C23CE203-C5FF-4790-A80A-67E982997E47}.Debug|x86.ActiveCfg = Debug|Any CPU
		{C23CE203-C5FF-4790-A80A-67E982997E47}.Debug|x86.Build.0 = Debug|Any CPU
		{C23CE203-C5FF-4790-A80A-67E982997E47}.Release|Any CPU.ActiveCfg = Release|Any CPU
		{C23CE203-C5FF-4790-A80A-67E982997E47}.Release|Any CPU.Build.0 = Release|Any CPU
		{C23CE203-C5FF-4790-A80A-67E982997E47}.Release|x64.ActiveCfg = Release|Any CPU
		{C23CE203-C5FF-4790-A80A-67E982997E47}.Release|x64.Build.0 = Release|Any CPU
		{C23CE203-C5FF-4790-A80A-67E982997E47}.Release|x86.ActiveCfg = Release|Any CPU
		{C23CE203-C5FF-4790-A80A-67E982997E47}.Release|x86.Build.0 = Release|Any CPU
		{1B619571-CDA4-4A55-BCC2-37A47C9BEA07}.Debug|Any CPU.ActiveCfg = Debug|Any CPU
		{1B619571-CDA4-4A55-BCC2-37A47C9BEA07}.Debug|Any CPU.Build.0 = Debug|Any CPU
		{1B619571-CDA4-4A55-BCC2-37A47C9BEA07}.Debug|x64.ActiveCfg = Debug|Any CPU
		{1B619571-CDA4-4A55-BCC2-37A47C9BEA07}.Debug|x64.Build.0 = Debug|Any CPU
		{1B619571-CDA4-4A55-BCC2-37A47C9BEA07}.Debug|x86.ActiveCfg = Debug|Any CPU
		{1B619571-CDA4-4A55-BCC2-37A47C9BEA07}.Debug|x86.Build.0 = Debug|Any CPU
		{1B619571-CDA4-4A55-BCC2-37A47C9BEA07}.Release|Any CPU.ActiveCfg = Release|Any CPU
		{1B619571-CDA4-4A55-BCC2-37A47C9BEA07}.Release|Any CPU.Build.0 = Release|Any CPU
		{1B619571-CDA4-4A55-BCC2-37A47C9BEA07}.Release|x64.ActiveCfg = Release|Any CPU
		{1B619571-CDA4-4A55-BCC2-37A47C9BEA07}.Release|x64.Build.0 = Release|Any CPU
		{1B619571-CDA4-4A55-BCC2-37A47C9BEA07}.Release|x86.ActiveCfg = Release|Any CPU
		{1B619571-CDA4-4A55-BCC2-37A47C9BEA07}.Release|x86.Build.0 = Release|Any CPU
		{173F097B-C058-4C73-91FC-A650E0A61419}.Debug|Any CPU.ActiveCfg = Debug|Any CPU
		{173F097B-C058-4C73-91FC-A650E0A61419}.Debug|Any CPU.Build.0 = Debug|Any CPU
		{173F097B-C058-4C73-91FC-A650E0A61419}.Debug|x64.ActiveCfg = Debug|Any CPU
		{173F097B-C058-4C73-91FC-A650E0A61419}.Debug|x64.Build.0 = Debug|Any CPU
		{173F097B-C058-4C73-91FC-A650E0A61419}.Debug|x86.ActiveCfg = Debug|Any CPU
		{173F097B-C058-4C73-91FC-A650E0A61419}.Debug|x86.Build.0 = Debug|Any CPU
		{173F097B-C058-4C73-91FC-A650E0A61419}.Release|Any CPU.ActiveCfg = Release|Any CPU
		{173F097B-C058-4C73-91FC-A650E0A61419}.Release|Any CPU.Build.0 = Release|Any CPU
		{173F097B-C058-4C73-91FC-A650E0A61419}.Release|x64.ActiveCfg = Release|Any CPU
		{173F097B-C058-4C73-91FC-A650E0A61419}.Release|x64.Build.0 = Release|Any CPU
		{173F097B-C058-4C73-91FC-A650E0A61419}.Release|x86.ActiveCfg = Release|Any CPU
		{173F097B-C058-4C73-91FC-A650E0A61419}.Release|x86.Build.0 = Release|Any CPU
	EndGlobalSection
	GlobalSection(SolutionProperties) = preSolution
		HideSolutionNode = FALSE
	EndGlobalSection
	GlobalSection(NestedProjects) = preSolution
		{5212ABE3-6107-45AE-86FF-58393B4D11A9} = {FB9165AD-8A11-4EE0-BF09-136CEC47363C}
		{C897C4D2-1E8A-44A2-941C-8A12EC226258} = {FB9165AD-8A11-4EE0-BF09-136CEC47363C}
		{C952781A-0B9F-4385-8FAB-225593F8CA6E} = {FB9165AD-8A11-4EE0-BF09-136CEC47363C}
		{C775DA68-BC6F-4BAC-B2AD-69D9F19A382A} = {FB9165AD-8A11-4EE0-BF09-136CEC47363C}
		{924D4FD6-1278-4AC8-9DDE-FA9E81178B00} = {FB9165AD-8A11-4EE0-BF09-136CEC47363C}
		{C23CE203-C5FF-4790-A80A-67E982997E47} = {FB9165AD-8A11-4EE0-BF09-136CEC47363C}
		{1B619571-CDA4-4A55-BCC2-37A47C9BEA07} = {FB9165AD-8A11-4EE0-BF09-136CEC47363C}
		{173F097B-C058-4C73-91FC-A650E0A61419} = {FB9165AD-8A11-4EE0-BF09-136CEC47363C}
	EndGlobalSection
	GlobalSection(ExtensibilityGlobals) = postSolution
		SolutionGuid = {62D52EF8-4478-437B-A6F3-F6E295D0653D}
	EndGlobalSection
EndGlobal
